// !$*UTF8*$!
{
	archiveVersion = 1;
	classes = {
	};
	objectVersion = 46;
	objects = {

/* Begin PBXBuildFile section */
		FF7C15011AF3608700535774 /* main.m in Sources */ = {isa = PBXBuildFile; fileRef = FF7C15001AF3608700535774 /* main.m */; };
		FF7C15041AF3608700535774 /* AppDelegate.m in Sources */ = {isa = PBXBuildFile; fileRef = FF7C15031AF3608700535774 /* AppDelegate.m */; };
		FF7C15071AF3608700535774 /* ViewController.m in Sources */ = {isa = PBXBuildFile; fileRef = FF7C15061AF3608700535774 /* ViewController.m */; };
		FF7C150A1AF3608700535774 /* Main.storyboard in Resources */ = {isa = PBXBuildFile; fileRef = FF7C15081AF3608700535774 /* Main.storyboard */; };
		FF7C150C1AF3608700535774 /* Images.xcassets in Resources */ = {isa = PBXBuildFile; fileRef = FF7C150B1AF3608700535774 /* Images.xcassets */; };
		FF7C150F1AF3608700535774 /* LaunchScreen.xib in Resources */ = {isa = PBXBuildFile; fileRef = FF7C150D1AF3608700535774 /* LaunchScreen.xib */; };
		FF7C151B1AF3608700535774 /* EESecureViewExampleTests.m in Sources */ = {isa = PBXBuildFile; fileRef = FF7C151A1AF3608700535774 /* EESecureViewExampleTests.m */; };
		FF7C15281AF3609700535774 /* EESecureView.m in Sources */ = {isa = PBXBuildFile; fileRef = FF7C15261AF3609700535774 /* EESecureView.m */; };
		FF7C15291AF3609700535774 /* EESecureView.xib in Resources */ = {isa = PBXBuildFile; fileRef = FF7C15271AF3609700535774 /* EESecureView.xib */; };
		FF7C152B1AF360A200535774 /* secretImage.jpeg in Resources */ = {isa = PBXBuildFile; fileRef = FF7C152A1AF360A200535774 /* secretImage.jpeg */; };
/* End PBXBuildFile section */

/* Begin PBXContainerItemProxy section */
		FF7C15151AF3608700535774 /* PBXContainerItemProxy */ = {
			isa = PBXContainerItemProxy;
			containerPortal = FF7C14F31AF3608600535774 /* Project object */;
			proxyType = 1;
			remoteGlobalIDString = FF7C14FA1AF3608700535774;
			remoteInfo = EESecureViewExample;
		};
/* End PBXContainerItemProxy section */

/* Begin PBXFileReference section */
		FF7C14FB1AF3608700535774 /* EESecureViewExample.app */ = {isa = PBXFileReference; explicitFileType = wrapper.application; includeInIndex = 0; path = EESecureViewExample.app; sourceTree = BUILT_PRODUCTS_DIR; };
		FF7C14FF1AF3608700535774 /* Info.plist */ = {isa = PBXFileReference; lastKnownFileType = text.plist.xml; path = Info.plist; sourceTree = "<group>"; };
		FF7C15001AF3608700535774 /* main.m */ = {isa = PBXFileReference; lastKnownFileType = sourcecode.c.objc; path = main.m; sourceTree = "<group>"; };
		FF7C15021AF3608700535774 /* AppDelegate.h */ = {isa = PBXFileReference; lastKnownFileType = sourcecode.c.h; path = AppDelegate.h; sourceTree = "<group>"; };
		FF7C15031AF3608700535774 /* AppDelegate.m */ = {isa = PBXFileReference; lastKnownFileType = sourcecode.c.objc; path = AppDelegate.m; sourceTree = "<group>"; };
		FF7C15051AF3608700535774 /* ViewController.h */ = {isa = PBXFileReference; lastKnownFileType = sourcecode.c.h; path = ViewController.h; sourceTree = "<group>"; };
		FF7C15061AF3608700535774 /* ViewController.m */ = {isa = PBXFileReference; lastKnownFileType = sourcecode.c.objc; path = ViewController.m; sourceTree = "<group>"; };
		FF7C15091AF3608700535774 /* Base */ = {isa = PBXFileReference; lastKnownFileType = file.storyboard; name = Base; path = Base.lproj/Main.storyboard; sourceTree = "<group>"; };
		FF7C150B1AF3608700535774 /* Images.xcassets */ = {isa = PBXFileReference; lastKnownFileType = folder.assetcatalog; path = Images.xcassets; sourceTree = "<group>"; };
		FF7C150E1AF3608700535774 /* Base */ = {isa = PBXFileReference; lastKnownFileType = file.xib; name = Base; path = Base.lproj/LaunchScreen.xib; sourceTree = "<group>"; };
		FF7C15141AF3608700535774 /* EESecureViewExampleTests.xctest */ = {isa = PBXFileReference; explicitFileType = wrapper.cfbundle; includeInIndex = 0; path = EESecureViewExampleTests.xctest; sourceTree = BUILT_PRODUCTS_DIR; };
		FF7C15191AF3608700535774 /* Info.plist */ = {isa = PBXFileReference; lastKnownFileType = text.plist.xml; path = Info.plist; sourceTree = "<group>"; };
		FF7C151A1AF3608700535774 /* EESecureViewExampleTests.m */ = {isa = PBXFileReference; lastKnownFileType = sourcecode.c.objc; path = EESecureViewExampleTests.m; sourceTree = "<group>"; };
		FF7C15251AF3609700535774 /* EESecureView.h */ = {isa = PBXFileReference; fileEncoding = 4; lastKnownFileType = sourcecode.c.h; path = EESecureView.h; sourceTree = "<group>"; };
		FF7C15261AF3609700535774 /* EESecureView.m */ = {isa = PBXFileReference; fileEncoding = 4; lastKnownFileType = sourcecode.c.objc; path = EESecureView.m; sourceTree = "<group>"; };
		FF7C15271AF3609700535774 /* EESecureView.xib */ = {isa = PBXFileReference; fileEncoding = 4; lastKnownFileType = file.xib; path = EESecureView.xib; sourceTree = "<group>"; };
		FF7C152A1AF360A200535774 /* secretImage.jpeg */ = {isa = PBXFileReference; lastKnownFileType = image.jpeg; name = secretImage.jpeg; path = EESecureView/secretImage.jpeg; sourceTree = "<group>"; };
/* End PBXFileReference section */

/* Begin PBXFrameworksBuildPhase section */
		FF7C14F81AF3608700535774 /* Frameworks */ = {
			isa = PBXFrameworksBuildPhase;
			buildActionMask = 2147483647;
			files = (
			);
			runOnlyForDeploymentPostprocessing = 0;
		};
		FF7C15111AF3608700535774 /* Frameworks */ = {
			isa = PBXFrameworksBuildPhase;
			buildActionMask = 2147483647;
			files = (
			);
			runOnlyForDeploymentPostprocessing = 0;
		};
/* End PBXFrameworksBuildPhase section */

/* Begin PBXGroup section */
		FF7C14F21AF3608600535774 = {
			isa = PBXGroup;
			children = (
				FF7C14FD1AF3608700535774 /* EESecureViewExample */,
				FF7C15171AF3608700535774 /* EESecureViewExampleTests */,
				FF7C14FC1AF3608700535774 /* Products */,
			);
			sourceTree = "<group>";
		};
		FF7C14FC1AF3608700535774 /* Products */ = {
			isa = PBXGroup;
			children = (
				FF7C14FB1AF3608700535774 /* EESecureViewExample.app */,
				FF7C15141AF3608700535774 /* EESecureViewExampleTests.xctest */,
			);
			name = Products;
			sourceTree = "<group>";
		};
		FF7C14FD1AF3608700535774 /* EESecureViewExample */ = {
			isa = PBXGroup;
			children = (
				FF7C15241AF3609700535774 /* EESecureView */,
				FF7C15021AF3608700535774 /* AppDelegate.h */,
				FF7C15031AF3608700535774 /* AppDelegate.m */,
				FF7C15051AF3608700535774 /* ViewController.h */,
				FF7C15061AF3608700535774 /* ViewController.m */,
				FF7C15081AF3608700535774 /* Main.storyboard */,
				FF7C150B1AF3608700535774 /* Images.xcassets */,
				FF7C150D1AF3608700535774 /* LaunchScreen.xib */,
				FF7C14FE1AF3608700535774 /* Supporting Files */,
			);
			path = EESecureViewExample;
			sourceTree = "<group>";
		};
		FF7C14FE1AF3608700535774 /* Supporting Files */ = {
			isa = PBXGroup;
			children = (
				FF7C152A1AF360A200535774 /* secretImage.jpeg */,
				FF7C14FF1AF3608700535774 /* Info.plist */,
				FF7C15001AF3608700535774 /* main.m */,
			);
			name = "Supporting Files";
			sourceTree = "<group>";
		};
		FF7C15171AF3608700535774 /* EESecureViewExampleTests */ = {
			isa = PBXGroup;
			children = (
				FF7C151A1AF3608700535774 /* EESecureViewExampleTests.m */,
				FF7C15181AF3608700535774 /* Supporting Files */,
			);
			path = EESecureViewExampleTests;
			sourceTree = "<group>";
		};
		FF7C15181AF3608700535774 /* Supporting Files */ = {
			isa = PBXGroup;
			children = (
				FF7C15191AF3608700535774 /* Info.plist */,
			);
			name = "Supporting Files";
			sourceTree = "<group>";
		};
		FF7C15241AF3609700535774 /* EESecureView */ = {
			isa = PBXGroup;
			children = (
				FF7C15251AF3609700535774 /* EESecureView.h */,
				FF7C15261AF3609700535774 /* EESecureView.m */,
				FF7C15271AF3609700535774 /* EESecureView.xib */,
			);
			path = EESecureView;
			sourceTree = "<group>";
		};
/* End PBXGroup section */

/* Begin PBXNativeTarget section */
		FF7C14FA1AF3608700535774 /* EESecureViewExample */ = {
			isa = PBXNativeTarget;
			buildConfigurationList = FF7C151E1AF3608700535774 /* Build configuration list for PBXNativeTarget "EESecureViewExample" */;
			buildPhases = (
				FF7C14F71AF3608700535774 /* Sources */,
				FF7C14F81AF3608700535774 /* Frameworks */,
				FF7C14F91AF3608700535774 /* Resources */,
			);
			buildRules = (
			);
			dependencies = (
			);
			name = EESecureViewExample;
			productName = EESecureViewExample;
			productReference = FF7C14FB1AF3608700535774 /* EESecureViewExample.app */;
			productType = "com.apple.product-type.application";
		};
		FF7C15131AF3608700535774 /* EESecureViewExampleTests */ = {
			isa = PBXNativeTarget;
			buildConfigurationList = FF7C15211AF3608700535774 /* Build configuration list for PBXNativeTarget "EESecureViewExampleTests" */;
			buildPhases = (
				FF7C15101AF3608700535774 /* Sources */,
				FF7C15111AF3608700535774 /* Frameworks */,
				FF7C15121AF3608700535774 /* Resources */,
			);
			buildRules = (
			);
			dependencies = (
				FF7C15161AF3608700535774 /* PBXTargetDependency */,
			);
			name = EESecureViewExampleTests;
			productName = EESecureViewExampleTests;
			productReference = FF7C15141AF3608700535774 /* EESecureViewExampleTests.xctest */;
			productType = "com.apple.product-type.bundle.unit-test";
		};
/* End PBXNativeTarget section */

/* Begin PBXProject section */
		FF7C14F31AF3608600535774 /* Project object */ = {
			isa = PBXProject;
			attributes = {
				LastUpgradeCheck = 0610;
				ORGANIZATIONNAME = "Erk EKİN";
				TargetAttributes = {
					FF7C14FA1AF3608700535774 = {
						CreatedOnToolsVersion = 6.1;
					};
					FF7C15131AF3608700535774 = {
						CreatedOnToolsVersion = 6.1;
						TestTargetID = FF7C14FA1AF3608700535774;
					};
				};
			};
			buildConfigurationList = FF7C14F61AF3608600535774 /* Build configuration list for PBXProject "EESecureViewExample" */;
			compatibilityVersion = "Xcode 3.2";
			developmentRegion = English;
			hasScannedForEncodings = 0;
			knownRegions = (
				en,
				Base,
			);
			mainGroup = FF7C14F21AF3608600535774;
			productRefGroup = FF7C14FC1AF3608700535774 /* Products */;
			projectDirPath = "";
			projectRoot = "";
			targets = (
				FF7C14FA1AF3608700535774 /* EESecureViewExample */,
				FF7C15131AF3608700535774 /* EESecureViewExampleTests */,
			);
		};
/* End PBXProject section */

/* Begin PBXResourcesBuildPhase section */
		FF7C14F91AF3608700535774 /* Resources */ = {
			isa = PBXResourcesBuildPhase;
			buildActionMask = 2147483647;
			files = (
				FF7C150A1AF3608700535774 /* Main.storyboard in Resources */,
				FF7C152B1AF360A200535774 /* secretImage.jpeg in Resources */,
				FF7C15291AF3609700535774 /* EESecureView.xib in Resources */,
				FF7C150F1AF3608700535774 /* LaunchScreen.xib in Resources */,
				FF7C150C1AF3608700535774 /* Images.xcassets in Resources */,
			);
			runOnlyForDeploymentPostprocessing = 0;
		};
		FF7C15121AF3608700535774 /* Resources */ = {
			isa = PBXResourcesBuildPhase;
			buildActionMask = 2147483647;
			files = (
			);
			runOnlyForDeploymentPostprocessing = 0;
		};
/* End PBXResourcesBuildPhase section */

/* Begin PBXSourcesBuildPhase section */
		FF7C14F71AF3608700535774 /* Sources */ = {
			isa = PBXSourcesBuildPhase;
			buildActionMask = 2147483647;
			files = (
				FF7C15071AF3608700535774 /* ViewController.m in Sources */,
				FF7C15281AF3609700535774 /* EESecureView.m in Sources */,
				FF7C15041AF3608700535774 /* AppDelegate.m in Sources */,
				FF7C15011AF3608700535774 /* main.m in Sources */,
			);
			runOnlyForDeploymentPostprocessing = 0;
		};
		FF7C15101AF3608700535774 /* Sources */ = {
			isa = PBXSourcesBuildPhase;
			buildActionMask = 2147483647;
			files = (
				FF7C151B1AF3608700535774 /* EESecureViewExampleTests.m in Sources */,
			);
			runOnlyForDeploymentPostprocessing = 0;
		};
/* End PBXSourcesBuildPhase section */

/* Begin PBXTargetDependency section */
		FF7C15161AF3608700535774 /* PBXTargetDependency */ = {
			isa = PBXTargetDependency;
			target = FF7C14FA1AF3608700535774 /* EESecureViewExample */;
			targetProxy = FF7C15151AF3608700535774 /* PBXContainerItemProxy */;
		};
/* End PBXTargetDependency section */

/* Begin PBXVariantGroup section */
		FF7C15081AF3608700535774 /* Main.storyboard */ = {
			isa = PBXVariantGroup;
			children = (
				FF7C15091AF3608700535774 /* Base */,
			);
			name = Main.storyboard;
			sourceTree = "<group>";
		};
		FF7C150D1AF3608700535774 /* LaunchScreen.xib */ = {
			isa = PBXVariantGroup;
			children = (
				FF7C150E1AF3608700535774 /* Base */,
			);
			name = LaunchScreen.xib;
			sourceTree = "<group>";
		};
/* End PBXVariantGroup section */

/* Begin XCBuildConfiguration section */
		FF7C151C1AF3608700535774 /* Debug */ = {
			isa = XCBuildConfiguration;
			buildSettings = {
				ALWAYS_SEARCH_USER_PATHS = NO;
				CLANG_CXX_LANGUAGE_STANDARD = "gnu++0x";
				CLANG_CXX_LIBRARY = "libc++";
				CLANG_ENABLE_MODULES = YES;
				CLANG_ENABLE_OBJC_ARC = YES;
				CLANG_WARN_BOOL_CONVERSION = YES;
				CLANG_WARN_CONSTANT_CONVERSION = YES;
				CLANG_WARN_DIRECT_OBJC_ISA_USAGE = YES_ERROR;
				CLANG_WARN_EMPTY_BODY = YES;
				CLANG_WARN_ENUM_CONVERSION = YES;
				CLANG_WARN_INT_CONVERSION = YES;
				CLANG_WARN_OBJC_ROOT_CLASS = YES_ERROR;
				CLANG_WARN_UNREACHABLE_CODE = YES;
				CLANG_WARN__DUPLICATE_METHOD_MATCH = YES;
				"CODE_SIGN_IDENTITY[sdk=iphoneos*]" = "iPhone Developer";
				COPY_PHASE_STRIP = NO;
				ENABLE_STRICT_OBJC_MSGSEND = YES;
				GCC_C_LANGUAGE_STANDARD = gnu99;
				GCC_DYNAMIC_NO_PIC = NO;
				GCC_OPTIMIZATION_LEVEL = 0;
				GCC_PREPROCESSOR_DEFINITIONS = (
					"DEBUG=1",
					"$(inherited)",
				);
				GCC_SYMBOLS_PRIVATE_EXTERN = NO;
				GCC_WARN_64_TO_32_BIT_CONVERSION = YES;
				GCC_WARN_ABOUT_RETURN_TYPE = YES_ERROR;
				GCC_WARN_UNDECLARED_SELECTOR = YES;
				GCC_WARN_UNINITIALIZED_AUTOS = YES_AGGRESSIVE;
				GCC_WARN_UNUSED_FUNCTION = YES;
				GCC_WARN_UNUSED_VARIABLE = YES;
				IPHONEOS_DEPLOYMENT_TARGET = 8.1;
				MTL_ENABLE_DEBUG_INFO = YES;
				ONLY_ACTIVE_ARCH = YES;
				SDKROOT = iphoneos;
			};
			name = Debug;
		};
		FF7C151D1AF3608700535774 /* Release */ = {
			isa = XCBuildConfiguration;
			buildSettings = {
				ALWAYS_SEARCH_USER_PATHS = NO;
				CLANG_CXX_LANGUAGE_STANDARD = "gnu++0x";
				CLANG_CXX_LIBRARY = "libc++";
				CLANG_ENABLE_MODULES = YES;
				CLANG_ENABLE_OBJC_ARC = YES;
				CLANG_WARN_BOOL_CONVERSION = YES;
				CLANG_WARN_CONSTANT_CONVERSION = YES;
				CLANG_WARN_DIRECT_OBJC_ISA_USAGE = YES_ERROR;
				CLANG_WARN_EMPTY_BODY = YES;
				CLANG_WARN_ENUM_CONVERSION = YES;
				CLANG_WARN_INT_CONVERSION = YES;
				CLANG_WARN_OBJC_ROOT_CLASS = YES_ERROR;
				CLANG_WARN_UNREACHABLE_CODE = YES;
				CLANG_WARN__DUPLICATE_METHOD_MATCH = YES;
				"CODE_SIGN_IDENTITY[sdk=iphoneos*]" = "iPhone Developer";
				COPY_PHASE_STRIP = YES;
				ENABLE_NS_ASSERTIONS = NO;
				ENABLE_STRICT_OBJC_MSGSEND = YES;
				GCC_C_LANGUAGE_STANDARD = gnu99;
				GCC_WARN_64_TO_32_BIT_CONVERSION = YES;
				GCC_WARN_ABOUT_RETURN_TYPE = YES_ERROR;
				GCC_WARN_UNDECLARED_SELECTOR = YES;
				GCC_WARN_UNINITIALIZED_AUTOS = YES_AGGRESSIVE;
				GCC_WARN_UNUSED_FUNCTION = YES;
				GCC_WARN_UNUSED_VARIABLE = YES;
				IPHONEOS_DEPLOYMENT_TARGET = 8.1;
				MTL_ENABLE_DEBUG_INFO = NO;
				SDKROOT = iphoneos;
				VALIDATE_PRODUCT = YES;
			};
			name = Release;
		};
		FF7C151F1AF3608700535774 /* Debug */ = {
			isa = XCBuildConfiguration;
			buildSettings = {
				ASSETCATALOG_COMPILER_APPICON_NAME = AppIcon;
				INFOPLIST_FILE = EESecureViewExample/Info.plist;
				LD_RUNPATH_SEARCH_PATHS = "$(inherited) @executable_path/Frameworks";
				PRODUCT_NAME = "$(TARGET_NAME)";
			};
			name = Debug;
		};
		FF7C15201AF3608700535774 /* Release */ = {
			isa = XCBuildConfiguration;
			buildSettings = {
				ASSETCATALOG_COMPILER_APPICON_NAME = AppIcon;
				INFOPLIST_FILE = EESecureViewExample/Info.plist;
				LD_RUNPATH_SEARCH_PATHS = "$(inherited) @executable_path/Frameworks";
				PRODUCT_NAME = "$(TARGET_NAME)";
			};
			name = Release;
		};
		FF7C15221AF3608700535774 /* Debug */ = {
			isa = XCBuildConfiguration;
			buildSettings = {
				BUNDLE_LOADER = "$(TEST_HOST)";
				FRAMEWORK_SEARCH_PATHS = (
					"$(SDKROOT)/Developer/Library/Frameworks",
					"$(inherited)",
				);
				GCC_PREPROCESSOR_DEFINITIONS = (
					"DEBUG=1",
					"$(inherited)",
				);
				INFOPLIST_FILE = EESecureViewExampleTests/Info.plist;
				LD_RUNPATH_SEARCH_PATHS = "$(inherited) @executable_path/Frameworks @loader_path/Frameworks";
				PRODUCT_NAME = "$(TARGET_NAME)";
				TEST_HOST = "$(BUILT_PRODUCTS_DIR)/EESecureViewExample.app/EESecureViewExample";
			};
			name = Debug;
		};
		FF7C15231AF3608700535774 /* Release */ = {
			isa = XCBuildConfiguration;
			buildSettings = {
				BUNDLE_LOADER = "$(TEST_HOST)";
				FRAMEWORK_SEARCH_PATHS = (
					"$(SDKROOT)/Developer/Library/Frameworks",
					"$(inherited)",
				);
				INFOPLIST_FILE = EESecureViewExampleTests/Info.plist;
				LD_RUNPATH_SEARCH_PATHS = "$(inherited) @executable_path/Frameworks @loader_path/Frameworks";
				PRODUCT_NAME = "$(TARGET_NAME)";
				TEST_HOST = "$(BUILT_PRODUCTS_DIR)/EESecureViewExample.app/EESecureViewExample";
			};
			name = Release;
		};
/* End XCBuildConfiguration section */

/* Begin XCConfigurationList section */
		FF7C14F61AF3608600535774 /* Build configuration list for PBXProject "EESecureViewExample" */ = {
			isa = XCConfigurationList;
			buildConfigurations = (
				FF7C151C1AF3608700535774 /* Debug */,
				FF7C151D1AF3608700535774 /* Release */,
			);
			defaultConfigurationIsVisible = 0;
			defaultConfigurationName = Release;
		};
		FF7C151E1AF3608700535774 /* Build configuration list for PBXNativeTarget "EESecureViewExample" */ = {
			isa = XCConfigurationList;
			buildConfigurations = (
				FF7C151F1AF3608700535774 /* Debug */,
				FF7C15201AF3608700535774 /* Release */,
			);
			defaultConfigurationIsVisible = 0;
		};
		FF7C15211AF3608700535774 /* Build configuration list for PBXNativeTarget "EESecureViewExampleTests" */ = {
			isa = XCConfigurationList;
			buildConfigurations = (
				FF7C15221AF3608700535774 /* Debug */,
				FF7C15231AF3608700535774 /* Release */,
			);
			defaultConfigurationIsVisible = 0;
		};
/* End XCConfigurationList section */
	};
	rootObject = FF7C14F31AF3608600535774 /* Project object */;
}
